
Microsoft Visual Studio Solution File, Format Version 12.00
# Visual Studio Version 16
VisualStudioVersion = 16.0.31205.134
MinimumVisualStudioVersion = 10.0.40219.1
Project("{FAE04EC0-301F-11D3-BF4B-00C04F79EFBC}") = "PosNeg", "PosNeg\PosNeg.csproj", "{D88E7267-DD5B-4FCD-A7D0-6B0605DECA69}"
EndProject
Global
	GlobalSection(SolutionConfigurationPlatforms) = preSolution
		Debug|Any CPU = Debug|Any CPU
		Release|Any CPU = Release|Any CPU
	EndGlobalSection
	GlobalSection(ProjectConfigurationPlatforms) = postSolution
		{D88E7267-DD5B-4FCD-A7D0-6B0605DECA69}.Debug|Any CPU.ActiveCfg = Debug|Any CPU
		{D88E7267-DD5B-4FCD-A7D0-6B0605DECA69}.Debug|Any CPU.Build.0 = Debug|Any CPU
		{D88E7267-DD5B-4FCD-A7D0-6B0605DECA69}.Release|Any CPU.ActiveCfg = Release|Any CPU
		{D88E7267-DD5B-4FCD-A7D0-6B0605DECA69}.Release|Any CPU.Build.0 = Release|Any CPU
	EndGlobalSection
	GlobalSection(SolutionProperties) = preSolution
		HideSolutionNode = FALSE
	EndGlobalSection
	GlobalSection(ExtensibilityGlobals) = postSolution
		SolutionGuid = {630225BF-53CD-494E-ACC3-B950399DE7FE}
	EndGlobalSection
EndGlobal
