
Microsoft Visual Studio Solution File, Format Version 12.00
# Visual Studio Version 16
VisualStudioVersion = 16.0.31205.134
MinimumVisualStudioVersion = 10.0.40219.1
Project("{FAE04EC0-301F-11D3-BF4B-00C04F79EFBC}") = "Prog6", "Prog6\Prog6.csproj", "{2325CB1C-F310-424F-B974-DBDC1A49D418}"
EndProject
Global
	GlobalSection(SolutionConfigurationPlatforms) = preSolution
		Debug|Any CPU = Debug|Any CPU
		Release|Any CPU = Release|Any CPU
	EndGlobalSection
	GlobalSection(ProjectConfigurationPlatforms) = postSolution
		{2325CB1C-F310-424F-B974-DBDC1A49D418}.Debug|Any CPU.ActiveCfg = Debug|Any CPU
		{2325CB1C-F310-424F-B974-DBDC1A49D418}.Debug|Any CPU.Build.0 = Debug|Any CPU
		{2325CB1C-F310-424F-B974-DBDC1A49D418}.Release|Any CPU.ActiveCfg = Release|Any CPU
		{2325CB1C-F310-424F-B974-DBDC1A49D418}.Release|Any CPU.Build.0 = Release|Any CPU
	EndGlobalSection
	GlobalSection(SolutionProperties) = preSolution
		HideSolutionNode = FALSE
	EndGlobalSection
	GlobalSection(ExtensibilityGlobals) = postSolution
		SolutionGuid = {D8C99E34-B691-4A5D-A856-9D15309448FA}
	EndGlobalSection
EndGlobal
