
Microsoft Visual Studio Solution File, Format Version 12.00
# Visual Studio Version 16
VisualStudioVersion = 16.0.31205.134
MinimumVisualStudioVersion = 10.0.40219.1
Project("{FAE04EC0-301F-11D3-BF4B-00C04F79EFBC}") = "Demo2", "Demo2\Demo2.csproj", "{F5D66698-00C0-48A1-B5CE-27D92170F994}"
EndProject
Global
	GlobalSection(SolutionConfigurationPlatforms) = preSolution
		Debug|Any CPU = Debug|Any CPU
		Release|Any CPU = Release|Any CPU
	EndGlobalSection
	GlobalSection(ProjectConfigurationPlatforms) = postSolution
		{F5D66698-00C0-48A1-B5CE-27D92170F994}.Debug|Any CPU.ActiveCfg = Debug|Any CPU
		{F5D66698-00C0-48A1-B5CE-27D92170F994}.Debug|Any CPU.Build.0 = Debug|Any CPU
		{F5D66698-00C0-48A1-B5CE-27D92170F994}.Release|Any CPU.ActiveCfg = Release|Any CPU
		{F5D66698-00C0-48A1-B5CE-27D92170F994}.Release|Any CPU.Build.0 = Release|Any CPU
	EndGlobalSection
	GlobalSection(SolutionProperties) = preSolution
		HideSolutionNode = FALSE
	EndGlobalSection
	GlobalSection(ExtensibilityGlobals) = postSolution
		SolutionGuid = {34ED4084-60FA-4932-8585-CE07EF7EACC9}
	EndGlobalSection
EndGlobal
