
Microsoft Visual Studio Solution File, Format Version 12.00
# Visual Studio Version 16
VisualStudioVersion = 16.0.31205.134
MinimumVisualStudioVersion = 10.0.40219.1
Project("{FAE04EC0-301F-11D3-BF4B-00C04F79EFBC}") = "EvenShow", "EvenShow\EvenShow.csproj", "{C82E9DE8-CEC4-4C93-A7A5-EB0A096E53DC}"
EndProject
Global
	GlobalSection(SolutionConfigurationPlatforms) = preSolution
		Debug|Any CPU = Debug|Any CPU
		Release|Any CPU = Release|Any CPU
	EndGlobalSection
	GlobalSection(ProjectConfigurationPlatforms) = postSolution
		{C82E9DE8-CEC4-4C93-A7A5-EB0A096E53DC}.Debug|Any CPU.ActiveCfg = Debug|Any CPU
		{C82E9DE8-CEC4-4C93-A7A5-EB0A096E53DC}.Debug|Any CPU.Build.0 = Debug|Any CPU
		{C82E9DE8-CEC4-4C93-A7A5-EB0A096E53DC}.Release|Any CPU.ActiveCfg = Release|Any CPU
		{C82E9DE8-CEC4-4C93-A7A5-EB0A096E53DC}.Release|Any CPU.Build.0 = Release|Any CPU
	EndGlobalSection
	GlobalSection(SolutionProperties) = preSolution
		HideSolutionNode = FALSE
	EndGlobalSection
	GlobalSection(ExtensibilityGlobals) = postSolution
		SolutionGuid = {3B308D9F-B1ED-4E51-AA7E-5E12DBA36E9B}
	EndGlobalSection
EndGlobal
