
Microsoft Visual Studio Solution File, Format Version 12.00
# Visual Studio Version 16
VisualStudioVersion = 16.0.31205.134
MinimumVisualStudioVersion = 10.0.40219.1
Project("{FAE04EC0-301F-11D3-BF4B-00C04F79EFBC}") = "PosNegEx", "PosNegEx\PosNegEx.csproj", "{5BD8473C-1F1D-4F50-8C06-C4E3EE4B32FE}"
EndProject
Global
	GlobalSection(SolutionConfigurationPlatforms) = preSolution
		Debug|Any CPU = Debug|Any CPU
		Release|Any CPU = Release|Any CPU
	EndGlobalSection
	GlobalSection(ProjectConfigurationPlatforms) = postSolution
		{5BD8473C-1F1D-4F50-8C06-C4E3EE4B32FE}.Debug|Any CPU.ActiveCfg = Debug|Any CPU
		{5BD8473C-1F1D-4F50-8C06-C4E3EE4B32FE}.Debug|Any CPU.Build.0 = Debug|Any CPU
		{5BD8473C-1F1D-4F50-8C06-C4E3EE4B32FE}.Release|Any CPU.ActiveCfg = Release|Any CPU
		{5BD8473C-1F1D-4F50-8C06-C4E3EE4B32FE}.Release|Any CPU.Build.0 = Release|Any CPU
	EndGlobalSection
	GlobalSection(SolutionProperties) = preSolution
		HideSolutionNode = FALSE
	EndGlobalSection
	GlobalSection(ExtensibilityGlobals) = postSolution
		SolutionGuid = {A2FEDAC9-69EF-402B-90FA-CD55B0996150}
	EndGlobalSection
EndGlobal
