
Microsoft Visual Studio Solution File, Format Version 12.00
# Visual Studio Version 16
VisualStudioVersion = 16.0.31205.134
MinimumVisualStudioVersion = 10.0.40219.1
Project("{FAE04EC0-301F-11D3-BF4B-00C04F79EFBC}") = "MultiInhDemo", "MultiInhDemo\MultiInhDemo.csproj", "{96A24843-71C2-4557-8752-4A032F4D9489}"
EndProject
Global
	GlobalSection(SolutionConfigurationPlatforms) = preSolution
		Debug|Any CPU = Debug|Any CPU
		Release|Any CPU = Release|Any CPU
	EndGlobalSection
	GlobalSection(ProjectConfigurationPlatforms) = postSolution
		{96A24843-71C2-4557-8752-4A032F4D9489}.Debug|Any CPU.ActiveCfg = Debug|Any CPU
		{96A24843-71C2-4557-8752-4A032F4D9489}.Debug|Any CPU.Build.0 = Debug|Any CPU
		{96A24843-71C2-4557-8752-4A032F4D9489}.Release|Any CPU.ActiveCfg = Release|Any CPU
		{96A24843-71C2-4557-8752-4A032F4D9489}.Release|Any CPU.Build.0 = Release|Any CPU
	EndGlobalSection
	GlobalSection(SolutionProperties) = preSolution
		HideSolutionNode = FALSE
	EndGlobalSection
	GlobalSection(ExtensibilityGlobals) = postSolution
		SolutionGuid = {6207EC98-6669-4E4E-A465-048FF8DCDE14}
	EndGlobalSection
EndGlobal
