
Microsoft Visual Studio Solution File, Format Version 12.00
# Visual Studio Version 16
VisualStudioVersion = 16.0.31205.134
MinimumVisualStudioVersion = 10.0.40219.1
Project("{FAE04EC0-301F-11D3-BF4B-00C04F79EFBC}") = "AbsExamples", "AbsExamples\AbsExamples.csproj", "{7C5A5E27-D00C-4060-B108-1394C29E2B12}"
EndProject
Global
	GlobalSection(SolutionConfigurationPlatforms) = preSolution
		Debug|Any CPU = Debug|Any CPU
		Release|Any CPU = Release|Any CPU
	EndGlobalSection
	GlobalSection(ProjectConfigurationPlatforms) = postSolution
		{7C5A5E27-D00C-4060-B108-1394C29E2B12}.Debug|Any CPU.ActiveCfg = Debug|Any CPU
		{7C5A5E27-D00C-4060-B108-1394C29E2B12}.Debug|Any CPU.Build.0 = Debug|Any CPU
		{7C5A5E27-D00C-4060-B108-1394C29E2B12}.Release|Any CPU.ActiveCfg = Release|Any CPU
		{7C5A5E27-D00C-4060-B108-1394C29E2B12}.Release|Any CPU.Build.0 = Release|Any CPU
	EndGlobalSection
	GlobalSection(SolutionProperties) = preSolution
		HideSolutionNode = FALSE
	EndGlobalSection
	GlobalSection(ExtensibilityGlobals) = postSolution
		SolutionGuid = {15609AF0-400E-4562-9F94-1CB5F470612F}
	EndGlobalSection
EndGlobal
