
Microsoft Visual Studio Solution File, Format Version 12.00
# Visual Studio Version 16
VisualStudioVersion = 16.0.31205.134
MinimumVisualStudioVersion = 10.0.40219.1
Project("{FAE04EC0-301F-11D3-BF4B-00C04F79EFBC}") = "AdoEmpCrud", "AdoEmpCrud\AdoEmpCrud.csproj", "{AC187A92-4759-4405-B6C4-1289539E7981}"
EndProject
Global
	GlobalSection(SolutionConfigurationPlatforms) = preSolution
		Debug|Any CPU = Debug|Any CPU
		Release|Any CPU = Release|Any CPU
	EndGlobalSection
	GlobalSection(ProjectConfigurationPlatforms) = postSolution
		{AC187A92-4759-4405-B6C4-1289539E7981}.Debug|Any CPU.ActiveCfg = Debug|Any CPU
		{AC187A92-4759-4405-B6C4-1289539E7981}.Debug|Any CPU.Build.0 = Debug|Any CPU
		{AC187A92-4759-4405-B6C4-1289539E7981}.Release|Any CPU.ActiveCfg = Release|Any CPU
		{AC187A92-4759-4405-B6C4-1289539E7981}.Release|Any CPU.Build.0 = Release|Any CPU
	EndGlobalSection
	GlobalSection(SolutionProperties) = preSolution
		HideSolutionNode = FALSE
	EndGlobalSection
	GlobalSection(ExtensibilityGlobals) = postSolution
		SolutionGuid = {514D3510-F17F-42AB-8785-D0B435573913}
	EndGlobalSection
EndGlobal
